
Microsoft Visual Studio Solution File, Format Version 12.00
# Visual Studio 15
VisualStudioVersion = 15.0.28307.902
MinimumVisualStudioVersion = 10.0.40219.1
Project("{FAE04EC0-301F-11D3-BF4B-00C04F79EFBC}") = "CourseWorkOperationResearch", "CourseWorkOperationResearch\CourseWorkOperationResearch.csproj", "{A185E9BC-61FE-48B6-B06A-25E03F81CFD7}"
EndProject
Project("{FAE04EC0-301F-11D3-BF4B-00C04F79EFBC}") = "Import", "Import\Import.csproj", "{4CACF261-7E27-4104-B0A2-4FC572B9BE0C}"
EndProject
Project("{FAE04EC0-301F-11D3-BF4B-00C04F79EFBC}") = "GreedySearch", "GreedySearch\GreedySearch.csproj", "{0805064B-4FE8-422F-9E84-C032B579281A}"
EndProject
Project("{FAE04EC0-301F-11D3-BF4B-00C04F79EFBC}") = "HillClimbing", "HillClimbing\HillClimbing.csproj", "{BCAC0E2F-460D-4DC6-9076-DA6B2AFE0A48}"
EndProject
Project("{FAE04EC0-301F-11D3-BF4B-00C04F79EFBC}") = "AntColonyOptimizationAlgorithm", "AntColonyOptimizationAlgorithm\AntColonyOptimizationAlgorithm.csproj", "{9FED0F69-6E62-4440-8E3E-2E9AECF8E26C}"
EndProject
Global
	GlobalSection(SolutionConfigurationPlatforms) = preSolution
		Debug|Any CPU = Debug|Any CPU
		Release|Any CPU = Release|Any CPU
	EndGlobalSection
	GlobalSection(ProjectConfigurationPlatforms) = postSolution
		{A185E9BC-61FE-48B6-B06A-25E03F81CFD7}.Debug|Any CPU.ActiveCfg = Debug|Any CPU
		{A185E9BC-61FE-48B6-B06A-25E03F81CFD7}.Debug|Any CPU.Build.0 = Debug|Any CPU
		{A185E9BC-61FE-48B6-B06A-25E03F81CFD7}.Release|Any CPU.ActiveCfg = Release|Any CPU
		{A185E9BC-61FE-48B6-B06A-25E03F81CFD7}.Release|Any CPU.Build.0 = Release|Any CPU
		{4CACF261-7E27-4104-B0A2-4FC572B9BE0C}.Debug|Any CPU.ActiveCfg = Debug|Any CPU
		{4CACF261-7E27-4104-B0A2-4FC572B9BE0C}.Debug|Any CPU.Build.0 = Debug|Any CPU
		{4CACF261-7E27-4104-B0A2-4FC572B9BE0C}.Release|Any CPU.ActiveCfg = Release|Any CPU
		{4CACF261-7E27-4104-B0A2-4FC572B9BE0C}.Release|Any CPU.Build.0 = Release|Any CPU
		{0805064B-4FE8-422F-9E84-C032B579281A}.Debug|Any CPU.ActiveCfg = Debug|Any CPU
		{0805064B-4FE8-422F-9E84-C032B579281A}.Debug|Any CPU.Build.0 = Debug|Any CPU
		{0805064B-4FE8-422F-9E84-C032B579281A}.Release|Any CPU.ActiveCfg = Release|Any CPU
		{0805064B-4FE8-422F-9E84-C032B579281A}.Release|Any CPU.Build.0 = Release|Any CPU
		{BCAC0E2F-460D-4DC6-9076-DA6B2AFE0A48}.Debug|Any CPU.ActiveCfg = Debug|Any CPU
		{BCAC0E2F-460D-4DC6-9076-DA6B2AFE0A48}.Debug|Any CPU.Build.0 = Debug|Any CPU
		{BCAC0E2F-460D-4DC6-9076-DA6B2AFE0A48}.Release|Any CPU.ActiveCfg = Release|Any CPU
		{BCAC0E2F-460D-4DC6-9076-DA6B2AFE0A48}.Release|Any CPU.Build.0 = Release|Any CPU
		{9FED0F69-6E62-4440-8E3E-2E9AECF8E26C}.Debug|Any CPU.ActiveCfg = Debug|Any CPU
		{9FED0F69-6E62-4440-8E3E-2E9AECF8E26C}.Debug|Any CPU.Build.0 = Debug|Any CPU
		{9FED0F69-6E62-4440-8E3E-2E9AECF8E26C}.Release|Any CPU.ActiveCfg = Release|Any CPU
		{9FED0F69-6E62-4440-8E3E-2E9AECF8E26C}.Release|Any CPU.Build.0 = Release|Any CPU
	EndGlobalSection
	GlobalSection(SolutionProperties) = preSolution
		HideSolutionNode = FALSE
	EndGlobalSection
	GlobalSection(ExtensibilityGlobals) = postSolution
		SolutionGuid = {DE5ADC50-FBBB-4047-9C68-3AB8FC57881A}
	EndGlobalSection
EndGlobal
